
Microsoft Visual Studio Solution File, Format Version 12.00
# Visual Studio 14
VisualStudioVersion = 14.0.25420.1
MinimumVisualStudioVersion = 10.0.40219.1
Project("{FAE04EC0-301F-11D3-BF4B-00C04F79EFBC}") = "MulticastDownloader.Core", "MulticastDownloader.Core\MulticastDownloader.Core.csproj", "{A3D2164B-81C4-4784-A647-783A7DBCD164}"
EndProject
Project("{FAE04EC0-301F-11D3-BF4B-00C04F79EFBC}") = "MulticastDownloader.Core.Server", "MulticastDownloader.Core.Server\MulticastDownloader.Core.Server.csproj", "{9DAFF580-78CE-4257-8C23-23824D945FFF}"
EndProject
Project("{FAE04EC0-301F-11D3-BF4B-00C04F79EFBC}") = "MulticastDownloader.Commands", "MulticastDownloader.Commands\MulticastDownloader.Commands.csproj", "{4D17ABD7-F7D7-4E04-8156-A02A04C9E8B8}"
EndProject
Project("{7CF6DF6D-3B04-46F8-A40B-537D21BCA0B4}") = "MulticastDownloader.Documentation", "MulticastDownloader.Documentation\MulticastDownloader.Documentation.shfbproj", "{A5E78F64-9935-47B5-A34F-0E211C262648}"
EndProject
Project("{2150E333-8FDC-42A3-9474-1A3956D46DE8}") = "Documentation", "Documentation", "{030851F0-CBBE-4DA9-8C5C-5D6D3F37977A}"
EndProject
Project("{2150E333-8FDC-42A3-9474-1A3956D46DE8}") = "Solution Items", "Solution Items", "{3B8D3D9E-6FE8-4C17-90C7-BBB6899DD8FE}"
	ProjectSection(SolutionItems) = preProject
		.gitattributes = .gitattributes
		.gitignore = .gitignore
		LICENSE = LICENSE
		MulticastDownloader.sln.vsspell = MulticastDownloader.sln.vsspell
		README.md = README.md
	EndProjectSection
EndProject
Project("{FAE04EC0-301F-11D3-BF4B-00C04F79EFBC}") = "MulticastDownloader.Tests", "MulticastDownloader.Tests\MulticastDownloader.Tests.csproj", "{905E87EB-DF8F-43EA-A005-7631E26825BD}"
EndProject
Project("{FAE04EC0-301F-11D3-BF4B-00C04F79EFBC}") = "MulticastDownloader.Tests.Portable", "MulticastDownloader.Tests.Portable\MulticastDownloader.Tests.Portable.csproj", "{9CD1DEF8-2A00-4265-B2AA-D656A873BD41}"
EndProject
Project("{2150E333-8FDC-42A3-9474-1A3956D46DE8}") = "Tests", "Tests", "{43EF8BC3-A17A-48AD-91CD-9490A4968AAC}"
EndProject
Global
	GlobalSection(SolutionConfigurationPlatforms) = preSolution
		Debug|Any CPU = Debug|Any CPU
		Documentation|Any CPU = Documentation|Any CPU
		PortableDebug|Any CPU = PortableDebug|Any CPU
		PortableRelease|Any CPU = PortableRelease|Any CPU
		Release|Any CPU = Release|Any CPU
	EndGlobalSection
	GlobalSection(ProjectConfigurationPlatforms) = postSolution
		{A3D2164B-81C4-4784-A647-783A7DBCD164}.Debug|Any CPU.ActiveCfg = Debug|Any CPU
		{A3D2164B-81C4-4784-A647-783A7DBCD164}.Debug|Any CPU.Build.0 = Debug|Any CPU
		{A3D2164B-81C4-4784-A647-783A7DBCD164}.Documentation|Any CPU.ActiveCfg = Release|Any CPU
		{A3D2164B-81C4-4784-A647-783A7DBCD164}.Documentation|Any CPU.Build.0 = Release|Any CPU
		{A3D2164B-81C4-4784-A647-783A7DBCD164}.PortableDebug|Any CPU.ActiveCfg = Debug|Any CPU
		{A3D2164B-81C4-4784-A647-783A7DBCD164}.PortableDebug|Any CPU.Build.0 = Debug|Any CPU
		{A3D2164B-81C4-4784-A647-783A7DBCD164}.PortableRelease|Any CPU.ActiveCfg = Release|Any CPU
		{A3D2164B-81C4-4784-A647-783A7DBCD164}.PortableRelease|Any CPU.Build.0 = Release|Any CPU
		{A3D2164B-81C4-4784-A647-783A7DBCD164}.Release|Any CPU.ActiveCfg = Release|Any CPU
		{A3D2164B-81C4-4784-A647-783A7DBCD164}.Release|Any CPU.Build.0 = Release|Any CPU
		{9DAFF580-78CE-4257-8C23-23824D945FFF}.Debug|Any CPU.ActiveCfg = Debug|Any CPU
		{9DAFF580-78CE-4257-8C23-23824D945FFF}.Debug|Any CPU.Build.0 = Debug|Any CPU
		{9DAFF580-78CE-4257-8C23-23824D945FFF}.Documentation|Any CPU.ActiveCfg = Release|Any CPU
		{9DAFF580-78CE-4257-8C23-23824D945FFF}.Documentation|Any CPU.Build.0 = Release|Any CPU
		{9DAFF580-78CE-4257-8C23-23824D945FFF}.PortableDebug|Any CPU.ActiveCfg = Debug|Any CPU
		{9DAFF580-78CE-4257-8C23-23824D945FFF}.PortableDebug|Any CPU.Build.0 = Debug|Any CPU
		{9DAFF580-78CE-4257-8C23-23824D945FFF}.PortableRelease|Any CPU.ActiveCfg = Release|Any CPU
		{9DAFF580-78CE-4257-8C23-23824D945FFF}.PortableRelease|Any CPU.Build.0 = Release|Any CPU
		{9DAFF580-78CE-4257-8C23-23824D945FFF}.Release|Any CPU.ActiveCfg = Release|Any CPU
		{9DAFF580-78CE-4257-8C23-23824D945FFF}.Release|Any CPU.Build.0 = Release|Any CPU
		{4D17ABD7-F7D7-4E04-8156-A02A04C9E8B8}.Debug|Any CPU.ActiveCfg = Debug|Any CPU
		{4D17ABD7-F7D7-4E04-8156-A02A04C9E8B8}.Debug|Any CPU.Build.0 = Debug|Any CPU
		{4D17ABD7-F7D7-4E04-8156-A02A04C9E8B8}.Documentation|Any CPU.ActiveCfg = Release|Any CPU
		{4D17ABD7-F7D7-4E04-8156-A02A04C9E8B8}.Documentation|Any CPU.Build.0 = Release|Any CPU
		{4D17ABD7-F7D7-4E04-8156-A02A04C9E8B8}.PortableDebug|Any CPU.ActiveCfg = Debug|Any CPU
		{4D17ABD7-F7D7-4E04-8156-A02A04C9E8B8}.PortableRelease|Any CPU.ActiveCfg = Release|Any CPU
		{4D17ABD7-F7D7-4E04-8156-A02A04C9E8B8}.Release|Any CPU.ActiveCfg = Release|Any CPU
		{4D17ABD7-F7D7-4E04-8156-A02A04C9E8B8}.Release|Any CPU.Build.0 = Release|Any CPU
		{A5E78F64-9935-47B5-A34F-0E211C262648}.Debug|Any CPU.ActiveCfg = Debug|Any CPU
		{A5E78F64-9935-47B5-A34F-0E211C262648}.Documentation|Any CPU.ActiveCfg = Release|Any CPU
		{A5E78F64-9935-47B5-A34F-0E211C262648}.Documentation|Any CPU.Build.0 = Release|Any CPU
		{A5E78F64-9935-47B5-A34F-0E211C262648}.PortableDebug|Any CPU.ActiveCfg = Debug|Any CPU
		{A5E78F64-9935-47B5-A34F-0E211C262648}.PortableRelease|Any CPU.ActiveCfg = Release|Any CPU
		{A5E78F64-9935-47B5-A34F-0E211C262648}.Release|Any CPU.ActiveCfg = Release|Any CPU
		{905E87EB-DF8F-43EA-A005-7631E26825BD}.Debug|Any CPU.ActiveCfg = Debug|Any CPU
		{905E87EB-DF8F-43EA-A005-7631E26825BD}.Debug|Any CPU.Build.0 = Debug|Any CPU
		{905E87EB-DF8F-43EA-A005-7631E26825BD}.Documentation|Any CPU.ActiveCfg = Release|Any CPU
		{905E87EB-DF8F-43EA-A005-7631E26825BD}.PortableDebug|Any CPU.ActiveCfg = Debug|Any CPU
		{905E87EB-DF8F-43EA-A005-7631E26825BD}.PortableRelease|Any CPU.ActiveCfg = Release|Any CPU
		{905E87EB-DF8F-43EA-A005-7631E26825BD}.Release|Any CPU.ActiveCfg = Release|Any CPU
		{905E87EB-DF8F-43EA-A005-7631E26825BD}.Release|Any CPU.Build.0 = Release|Any CPU
		{9CD1DEF8-2A00-4265-B2AA-D656A873BD41}.Debug|Any CPU.ActiveCfg = Debug|Any CPU
		{9CD1DEF8-2A00-4265-B2AA-D656A873BD41}.Documentation|Any CPU.ActiveCfg = Release|Any CPU
		{9CD1DEF8-2A00-4265-B2AA-D656A873BD41}.PortableDebug|Any CPU.ActiveCfg = Debug|Any CPU
		{9CD1DEF8-2A00-4265-B2AA-D656A873BD41}.PortableDebug|Any CPU.Build.0 = Debug|Any CPU
		{9CD1DEF8-2A00-4265-B2AA-D656A873BD41}.PortableRelease|Any CPU.ActiveCfg = Release|Any CPU
		{9CD1DEF8-2A00-4265-B2AA-D656A873BD41}.PortableRelease|Any CPU.Build.0 = Release|Any CPU
		{9CD1DEF8-2A00-4265-B2AA-D656A873BD41}.Release|Any CPU.ActiveCfg = Release|Any CPU
	EndGlobalSection
	GlobalSection(SolutionProperties) = preSolution
		HideSolutionNode = FALSE
	EndGlobalSection
	GlobalSection(NestedProjects) = preSolution
		{A5E78F64-9935-47B5-A34F-0E211C262648} = {030851F0-CBBE-4DA9-8C5C-5D6D3F37977A}
		{905E87EB-DF8F-43EA-A005-7631E26825BD} = {43EF8BC3-A17A-48AD-91CD-9490A4968AAC}
		{9CD1DEF8-2A00-4265-B2AA-D656A873BD41} = {43EF8BC3-A17A-48AD-91CD-9490A4968AAC}
	EndGlobalSection
EndGlobal
